
Microsoft Visual Studio Solution File, Format Version 12.00
# Visual Studio Version 17
VisualStudioVersion = 17.5.33502.453
MinimumVisualStudioVersion = 10.0.40219.1
Project("{FAE04EC0-301F-11D3-BF4B-00C04F79EFBC}") = "Task_finding_point_knowing_two_points_and_height_wpf", "Task_finding_point_knowing_two_points_and_height_wpf.csproj", "{62653A8B-6B38-417B-AC46-6675A1C794C3}"
EndProject
Global
	GlobalSection(SolutionConfigurationPlatforms) = preSolution
		Debug|Any CPU = Debug|Any CPU
		Release|Any CPU = Release|Any CPU
	EndGlobalSection
	GlobalSection(ProjectConfigurationPlatforms) = postSolution
		{62653A8B-6B38-417B-AC46-6675A1C794C3}.Debug|Any CPU.ActiveCfg = Debug|Any CPU
		{62653A8B-6B38-417B-AC46-6675A1C794C3}.Debug|Any CPU.Build.0 = Debug|Any CPU
		{62653A8B-6B38-417B-AC46-6675A1C794C3}.Release|Any CPU.ActiveCfg = Release|Any CPU
		{62653A8B-6B38-417B-AC46-6675A1C794C3}.Release|Any CPU.Build.0 = Release|Any CPU
	EndGlobalSection
	GlobalSection(SolutionProperties) = preSolution
		HideSolutionNode = FALSE
	EndGlobalSection
	GlobalSection(ExtensibilityGlobals) = postSolution
		SolutionGuid = {5B2EB277-1FAE-4467-9710-C587A0C2EA64}
	EndGlobalSection
EndGlobal
